
Microsoft Visual Studio Solution File, Format Version 12.00
# Visual Studio Version 17
VisualStudioVersion = 17.8.34408.163
MinimumVisualStudioVersion = 10.0.40219.1
Project("{FAE04EC0-301F-11D3-BF4B-00C04F79EFBC}") = "HintServiceMeow", "HintServiceMeow\HintServiceMeow.csproj", "{097B585F-438D-4D50-A8AC-0FE0E3A7DE77}"\
EndProject
Project("{FAE04EC0-301F-11D3-BF4B-00C04F79EFBC}") = "HintServiceExample", "HintServiceExample\HintServiceExample.csproj", "{A442A726-A0CC-467B-9017-6F4B589A717A}"
EndProject
Project("{FAE04EC0-301F-11D3-BF4B-00C04F79EFBC}") = "HintServiceTest", "HintServiceTest\HintServiceTest.csproj", "{44C64CED-8BCC-46AE-AA1D-310F12775262}"
EndProject
Global
	GlobalSection(SolutionConfigurationPlatforms) = preSolution
		Debug|Any CPU = Debug|Any CPU
		Debug|x64 = Debug|x64
		Release|Any CPU = Release|Any CPU
		Release|x64 = Release|x64
	EndGlobalSection
	GlobalSection(ProjectConfigurationPlatforms) = postSolution
		{097B585F-438D-4D50-A8AC-0FE0E3A7DE77}.Debug|Any CPU.ActiveCfg = Debug|Any CPU
		{097B585F-438D-4D50-A8AC-0FE0E3A7DE77}.Debug|Any CPU.Build.0 = Debug|Any CPU
		{097B585F-438D-4D50-A8AC-0FE0E3A7DE77}.Debug|x64.ActiveCfg = Debug|x64
		{097B585F-438D-4D50-A8AC-0FE0E3A7DE77}.Debug|x64.Build.0 = Debug|x64
		{097B585F-438D-4D50-A8AC-0FE0E3A7DE77}.Release|Any CPU.ActiveCfg = Release|Any CPU
		{097B585F-438D-4D50-A8AC-0FE0E3A7DE77}.Release|Any CPU.Build.0 = Release|Any CPU
		{097B585F-438D-4D50-A8AC-0FE0E3A7DE77}.Release|x64.ActiveCfg = Release|x64
		{097B585F-438D-4D50-A8AC-0FE0E3A7DE77}.Release|x64.Build.0 = Release|x64
		{A442A726-A0CC-467B-9017-6F4B589A717A}.Debug|Any CPU.ActiveCfg = Debug|Any CPU
		{A442A726-A0CC-467B-9017-6F4B589A717A}.Debug|Any CPU.Build.0 = Debug|Any CPU
		{A442A726-A0CC-467B-9017-6F4B589A717A}.Debug|x64.ActiveCfg = Debug|x64
		{A442A726-A0CC-467B-9017-6F4B589A717A}.Debug|x64.Build.0 = Debug|x64
		{A442A726-A0CC-467B-9017-6F4B589A717A}.Release|Any CPU.ActiveCfg = Release|Any CPU
		{A442A726-A0CC-467B-9017-6F4B589A717A}.Release|Any CPU.Build.0 = Release|Any CPU
		{A442A726-A0CC-467B-9017-6F4B589A717A}.Release|x64.ActiveCfg = Release|x64
		{A442A726-A0CC-467B-9017-6F4B589A717A}.Release|x64.Build.0 = Release|x64
		{44C64CED-8BCC-46AE-AA1D-310F12775262}.Debug|Any CPU.ActiveCfg = Debug|Any CPU
		{44C64CED-8BCC-46AE-AA1D-310F12775262}.Debug|Any CPU.Build.0 = Debug|Any CPU
		{44C64CED-8BCC-46AE-AA1D-310F12775262}.Debug|x64.ActiveCfg = Debug|Any CPU
		{44C64CED-8BCC-46AE-AA1D-310F12775262}.Debug|x64.Build.0 = Debug|Any CPU
		{44C64CED-8BCC-46AE-AA1D-310F12775262}.Release|Any CPU.ActiveCfg = Release|Any CPU
		{44C64CED-8BCC-46AE-AA1D-310F12775262}.Release|Any CPU.Build.0 = Release|Any CPU
		{44C64CED-8BCC-46AE-AA1D-310F12775262}.Release|x64.ActiveCfg = Release|Any CPU
		{44C64CED-8BCC-46AE-AA1D-310F12775262}.Release|x64.Build.0 = Release|Any CPU
	EndGlobalSection
	GlobalSection(SolutionProperties) = preSolution
		HideSolutionNode = FALSE
	EndGlobalSection
	GlobalSection(ExtensibilityGlobals) = postSolution
		SolutionGuid = {B04AF78C-191C-48C6-90BE-88FD27A738EF}
	EndGlobalSection
EndGlobal
