
Microsoft Visual Studio Solution File, Format Version 12.00
# Visual Studio Version 18
VisualStudioVersion = 18.3.11520.95
MinimumVisualStudioVersion = 10.0.40219.1
Project("{FAE04EC0-301F-11D3-BF4B-00C04F79EFBC}") = "HintServiceMeow", "HintServiceMeow\HintServiceMeow.csproj", "{097B585F-438D-4D50-A8AC-0FE0E3A7DE77}"
EndProject
Project("{FAE04EC0-301F-11D3-BF4B-00C04F79EFBC}") = "HintServiceExample", "HintServiceExample\HintServiceExample.csproj", "{A442A726-A0CC-467B-9017-6F4B589A717A}"
EndProject
Project("{FAE04EC0-301F-11D3-BF4B-00C04F79EFBC}") = "HintServiceMeow.Tests", "HintServiceMeow.Tests\HintServiceMeow.Tests.csproj", "{4D5AD48B-E99A-45A1-91E3-F1C01AF31B6C}"
EndProject
Project("{FAE04EC0-301F-11D3-BF4B-00C04F79EFBC}") = "HintServiceMeow.Benchmarks", "HintServiceMeow.Benchmarks\HintServiceMeow.Benchmarks.csproj", "{38A98298-1355-4666-BFA8-F70186DD9ADD}"
EndProject
Global
	GlobalSection(SolutionConfigurationPlatforms) = preSolution
		Debug|Any CPU = Debug|Any CPU
		ExiledPublish|Any CPU = ExiledPublish|Any CPU
		Publish|Any CPU = Publish|Any CPU
		Release|Any CPU = Release|Any CPU
	EndGlobalSection
	GlobalSection(ProjectConfigurationPlatforms) = postSolution
		{097B585F-438D-4D50-A8AC-0FE0E3A7DE77}.Debug|Any CPU.ActiveCfg = Debug|Any CPU
		{097B585F-438D-4D50-A8AC-0FE0E3A7DE77}.Debug|Any CPU.Build.0 = Debug|Any CPU
		{097B585F-438D-4D50-A8AC-0FE0E3A7DE77}.ExiledPublish|Any CPU.ActiveCfg = ExiledPublish|Any CPU
		{097B585F-438D-4D50-A8AC-0FE0E3A7DE77}.ExiledPublish|Any CPU.Build.0 = ExiledPublish|Any CPU
		{097B585F-438D-4D50-A8AC-0FE0E3A7DE77}.Publish|Any CPU.ActiveCfg = Publish|Any CPU
		{097B585F-438D-4D50-A8AC-0FE0E3A7DE77}.Publish|Any CPU.Build.0 = Publish|Any CPU
		{097B585F-438D-4D50-A8AC-0FE0E3A7DE77}.Release|Any CPU.ActiveCfg = Release|Any CPU
		{097B585F-438D-4D50-A8AC-0FE0E3A7DE77}.Release|Any CPU.Build.0 = Release|Any CPU
		{A442A726-A0CC-467B-9017-6F4B589A717A}.Debug|Any CPU.ActiveCfg = Debug|Any CPU
		{A442A726-A0CC-467B-9017-6F4B589A717A}.Debug|Any CPU.Build.0 = Debug|Any CPU
		{A442A726-A0CC-467B-9017-6F4B589A717A}.ExiledPublish|Any CPU.ActiveCfg = ExiledPublish|Any CPU
		{A442A726-A0CC-467B-9017-6F4B589A717A}.ExiledPublish|Any CPU.Build.0 = ExiledPublish|Any CPU
		{A442A726-A0CC-467B-9017-6F4B589A717A}.Publish|Any CPU.ActiveCfg = Publish|Any CPU
		{A442A726-A0CC-467B-9017-6F4B589A717A}.Publish|Any CPU.Build.0 = Publish|Any CPU
		{A442A726-A0CC-467B-9017-6F4B589A717A}.Release|Any CPU.ActiveCfg = Release|Any CPU
		{A442A726-A0CC-467B-9017-6F4B589A717A}.Release|Any CPU.Build.0 = Release|Any CPU
		{4D5AD48B-E99A-45A1-91E3-F1C01AF31B6C}.Debug|Any CPU.ActiveCfg = Debug|Any CPU
		{4D5AD48B-E99A-45A1-91E3-F1C01AF31B6C}.Debug|Any CPU.Build.0 = Debug|Any CPU
		{4D5AD48B-E99A-45A1-91E3-F1C01AF31B6C}.ExiledPublish|Any CPU.ActiveCfg = ExiledPublish|Any CPU
		{4D5AD48B-E99A-45A1-91E3-F1C01AF31B6C}.ExiledPublish|Any CPU.Build.0 = ExiledPublish|Any CPU
		{4D5AD48B-E99A-45A1-91E3-F1C01AF31B6C}.Publish|Any CPU.ActiveCfg = Publish|Any CPU
		{4D5AD48B-E99A-45A1-91E3-F1C01AF31B6C}.Publish|Any CPU.Build.0 = Publish|Any CPU
		{4D5AD48B-E99A-45A1-91E3-F1C01AF31B6C}.Release|Any CPU.ActiveCfg = Release|Any CPU
		{4D5AD48B-E99A-45A1-91E3-F1C01AF31B6C}.Release|Any CPU.Build.0 = Release|Any CPU
		{38A98298-1355-4666-BFA8-F70186DD9ADD}.Debug|Any CPU.ActiveCfg = Debug|Any CPU
		{38A98298-1355-4666-BFA8-F70186DD9ADD}.Debug|Any CPU.Build.0 = Debug|Any CPU
		{38A98298-1355-4666-BFA8-F70186DD9ADD}.ExiledPublish|Any CPU.ActiveCfg = ExiledPublish|Any CPU
		{38A98298-1355-4666-BFA8-F70186DD9ADD}.ExiledPublish|Any CPU.Build.0 = ExiledPublish|Any CPU
		{38A98298-1355-4666-BFA8-F70186DD9ADD}.Publish|Any CPU.ActiveCfg = Publish|Any CPU
		{38A98298-1355-4666-BFA8-F70186DD9ADD}.Publish|Any CPU.Build.0 = Publish|Any CPU
		{38A98298-1355-4666-BFA8-F70186DD9ADD}.Release|Any CPU.ActiveCfg = Release|Any CPU
		{38A98298-1355-4666-BFA8-F70186DD9ADD}.Release|Any CPU.Build.0 = Release|Any CPU
	EndGlobalSection
	GlobalSection(SolutionProperties) = preSolution
		HideSolutionNode = FALSE
	EndGlobalSection
	GlobalSection(ExtensibilityGlobals) = postSolution
		SolutionGuid = {B04AF78C-191C-48C6-90BE-88FD27A738EF}
	EndGlobalSection
EndGlobal
